
Microsoft Visual Studio Solution File, Format Version 12.00
# Visual Studio Version 17
VisualStudioVersion = 17.2.32526.322
MinimumVisualStudioVersion = 10.0.40219.1
Project("{FAE04EC0-301F-11D3-BF4B-00C04F79EFBC}") = "ErrorHandling", "ErrorHandling\ErrorHandling.csproj", "{5F8F5237-C803-4906-9C14-7EDAFE8D1715}"
EndProject
Global
	GlobalSection(SolutionConfigurationPlatforms) = preSolution
		Debug|Any CPU = Debug|Any CPU
		Release|Any CPU = Release|Any CPU
	EndGlobalSection
	GlobalSection(ProjectConfigurationPlatforms) = postSolution
		{5F8F5237-C803-4906-9C14-7EDAFE8D1715}.Debug|Any CPU.ActiveCfg = Debug|Any CPU
		{5F8F5237-C803-4906-9C14-7EDAFE8D1715}.Debug|Any CPU.Build.0 = Debug|Any CPU
		{5F8F5237-C803-4906-9C14-7EDAFE8D1715}.Release|Any CPU.ActiveCfg = Release|Any CPU
		{5F8F5237-C803-4906-9C14-7EDAFE8D1715}.Release|Any CPU.Build.0 = Release|Any CPU
	EndGlobalSection
	GlobalSection(SolutionProperties) = preSolution
		HideSolutionNode = FALSE
	EndGlobalSection
	GlobalSection(ExtensibilityGlobals) = postSolution
		SolutionGuid = {A7648628-5C63-421B-831F-8E540755D982}
	EndGlobalSection
EndGlobal
